<?xml version="1.0" encoding="utf-8"?>
<Project ToolsVersion="4.0" xmlns="http://schemas.microsoft.com/developer/msbuild/2003">
  <ItemGroup>
    <ClCompile Include="main.cpp" />
    <ClCompile Include="..\src\App\App.cpp">
      <Filter>App</Filter>
    </ClCompile>
    <ClCompile Include="..\include\imgui\imgui.cpp">
      <Filter>ImGUI</Filter>
    </ClCompile>
    <ClCompile Include="..\include\imgui\imgui_demo.cpp">
      <Filter>ImGUI</Filter>
    </ClCompile>
    <ClCompile Include="..\include\imgui\imgui_draw.cpp">
      <Filter>ImGUI</Filter>
    </ClCompile>
    <ClCompile Include="..\include\imgui\imgui_tables.cpp">
      <Filter>ImGUI</Filter>
    </ClCompile>
    <ClCompile Include="..\include\imgui\imgui_widgets.cpp">
      <Filter>ImGUI</Filter>
    </ClCompile>
    <ClCompile Include="..\include\imgui\backends\imgui_impl_glfw.cpp">
      <Filter>ImGUI\backends</Filter>
    </ClCompile>
    <ClCompile Include="..\include\imgui\backends\imgui_impl_opengl3.cpp">
      <Filter>ImGUI\backends</Filter>
    </ClCompile>
    <ClCompile Include="..\src\Scene\MainScene.cpp">
      <Filter>Scene</Filter>
    </ClCompile>
    <ClCompile Include="..\src\Mesh\MyMesh.cpp">
      <Filter>Mesh</Filter>
    </ClCompile>
    <ClCompile Include="..\src\Scene\Camera.cpp">
      <Filter>Scene</Filter>
    </ClCompile>
    <ClCompile Include="..\src\Utilty\Error.cpp">
      <Filter>Utility</Filter>
    </ClCompile>
    <ClCompile Include="..\src\Graphic\EBO.cpp">
      <Filter>Graphic</Filter>
    </ClCompile>
    <ClCompile Include="..\src\Graphic\FBO.cpp">
      <Filter>Graphic</Filter>
    </ClCompile>
    <ClCompile Include="..\src\Graphic\UBO.cpp">
      <Filter>Graphic</Filter>
    </ClCompile>
    <ClCompile Include="..\src\Graphic\VAO.cpp">
      <Filter>Graphic</Filter>
    </ClCompile>
    <ClCompile Include="..\src\Graphic\Material\Material.cpp">
      <Filter>Graphic\Material</Filter>
    </ClCompile>
    <ClCompile Include="..\src\Graphic\Material\MaterialManager.cpp">
      <Filter>Graphic\Material</Filter>
    </ClCompile>
    <ClCompile Include="..\src\Graphic\Material\Texture.cpp">
      <Filter>Graphic\Material</Filter>
    </ClCompile>
    <ClCompile Include="..\src\Graphic\ShaderProgram\ComputeShader.cpp">
      <Filter>Graphic\ShaderProgram</Filter>
    </ClCompile>
    <ClCompile Include="..\src\Graphic\ShaderProgram\GraphicShader.cpp">
      <Filter>Graphic\ShaderProgram</Filter>
    </ClCompile>
    <ClCompile Include="..\src\Graphic\ShaderProgram\ShaderProgram.cpp">
      <Filter>Graphic\ShaderProgram</Filter>
    </ClCompile>
    <ClCompile Include="..\src\Scene\Light.cpp">
      <Filter>Scene</Filter>
    </ClCompile>
    <ClCompile Include="..\src\Window\GUI.cpp">
      <Filter>Window</Filter>
    </ClCompile>
    <ClCompile Include="..\src\Graphic\Material\UnsignedIntTexture.cpp">
      <Filter>Graphic\Material</Filter>
    </ClCompile>
    <ClCompile Include="..\src\Utilty\FacePicker.cpp">
      <Filter>Utility</Filter>
    </ClCompile>
    <ClCompile Include="..\src\Mesh\Patch.cpp">
      <Filter>Mesh</Filter>
    </ClCompile>
    <ClCompile Include="..\src\Utilty\TextureMapper.cpp">
      <Filter>Utility</Filter>
    </ClCompile>
  </ItemGroup>
  <ItemGroup>
    <Filter Include="App">
      <UniqueIdentifier>{14c3de85-933d-4426-88f1-3f11ba6e494c}</UniqueIdentifier>
    </Filter>
    <Filter Include="ImGUI">
      <UniqueIdentifier>{38940e0d-a62b-4d27-adc6-30fa85a47742}</UniqueIdentifier>
    </Filter>
    <Filter Include="ImGUI\backends">
      <UniqueIdentifier>{481e81f8-69ee-4b09-a57d-cde1e63407ee}</UniqueIdentifier>
    </Filter>
    <Filter Include="Utility">
      <UniqueIdentifier>{81d06d86-e32c-403f-8af1-d06f762a7a50}</UniqueIdentifier>
    </Filter>
    <Filter Include="Window">
      <UniqueIdentifier>{187d3d12-3803-44fb-b99a-fb667b621b04}</UniqueIdentifier>
    </Filter>
    <Filter Include="Scene">
      <UniqueIdentifier>{e341a3e5-cdcc-4216-b5fc-da9c07bd2fab}</UniqueIdentifier>
    </Filter>
    <Filter Include="Mesh">
      <UniqueIdentifier>{2f701d65-109f-4217-baa5-0f8832182c90}</UniqueIdentifier>
    </Filter>
    <Filter Include="Shader">
      <UniqueIdentifier>{338a8273-682a-48ce-aede-241452fb2d53}</UniqueIdentifier>
    </Filter>
    <Filter Include="Graphic">
      <UniqueIdentifier>{91f7a4c6-f1d6-4acd-9b26-e14ab7bf1c12}</UniqueIdentifier>
    </Filter>
    <Filter Include="Graphic\Material">
      <UniqueIdentifier>{8e49430f-e19f-49bf-9732-29b388c9504b}</UniqueIdentifier>
    </Filter>
    <Filter Include="Graphic\ShaderProgram">
      <UniqueIdentifier>{510acb12-5b8a-45e2-990c-0a3b5d6130d1}</UniqueIdentifier>
    </Filter>
  </ItemGroup>
  <ItemGroup>
    <ClInclude Include="..\src\App\App.h">
      <Filter>App</Filter>
    </ClInclude>
    <ClInclude Include="..\include\imgui\imconfig.h">
      <Filter>ImGUI</Filter>
    </ClInclude>
    <ClInclude Include="..\include\imgui\imgui.h">
      <Filter>ImGUI</Filter>
    </ClInclude>
    <ClInclude Include="..\include\imgui\imgui_internal.h">
      <Filter>ImGUI</Filter>
    </ClInclude>
    <ClInclude Include="..\include\imgui\backends\imgui_impl_glfw.h">
      <Filter>ImGUI\backends</Filter>
    </ClInclude>
    <ClInclude Include="..\include\imgui\backends\imgui_impl_opengl3.h">
      <Filter>ImGUI\backends</Filter>
    </ClInclude>
    <ClInclude Include="..\include\imgui\backends\imgui_impl_opengl3_loader.h">
      <Filter>ImGUI\backends</Filter>
    </ClInclude>
    <ClInclude Include="..\src\Scene\MainScene.h">
      <Filter>Scene</Filter>
    </ClInclude>
    <ClInclude Include="..\src\Mesh\MyMesh.h">
      <Filter>Mesh</Filter>
    </ClInclude>
    <ClInclude Include="..\src\Scene\Camera.h">
      <Filter>Scene</Filter>
    </ClInclude>
    <ClInclude Include="..\src\Utilty\Error.h">
      <Filter>Utility</Filter>
    </ClInclude>
    <ClInclude Include="..\src\Graphic\EBO.h">
      <Filter>Graphic</Filter>
    </ClInclude>
    <ClInclude Include="..\src\Graphic\FBO.h">
      <Filter>Graphic</Filter>
    </ClInclude>
    <ClInclude Include="..\src\Graphic\SSBO.h">
      <Filter>Graphic</Filter>
    </ClInclude>
    <ClInclude Include="..\src\Graphic\StorageBuffer.h">
      <Filter>Graphic</Filter>
    </ClInclude>
    <ClInclude Include="..\src\Graphic\UBO.h">
      <Filter>Graphic</Filter>
    </ClInclude>
    <ClInclude Include="..\src\Graphic\VAO.h">
      <Filter>Graphic</Filter>
    </ClInclude>
    <ClInclude Include="..\src\Graphic\VBO.h">
      <Filter>Graphic</Filter>
    </ClInclude>
    <ClInclude Include="..\src\Graphic\Material\Material.h">
      <Filter>Graphic\Material</Filter>
    </ClInclude>
    <ClInclude Include="..\src\Graphic\Material\MaterialManager.h">
      <Filter>Graphic\Material</Filter>
    </ClInclude>
    <ClInclude Include="..\src\Graphic\Material\Texture.h">
      <Filter>Graphic\Material</Filter>
    </ClInclude>
    <ClInclude Include="..\src\Graphic\ShaderProgram\ComputeShader.h">
      <Filter>Graphic\ShaderProgram</Filter>
    </ClInclude>
    <ClInclude Include="..\src\Graphic\ShaderProgram\GraphicShader.h">
      <Filter>Graphic\ShaderProgram</Filter>
    </ClInclude>
    <ClInclude Include="..\src\Graphic\ShaderProgram\ShaderProgram.h">
      <Filter>Graphic\ShaderProgram</Filter>
    </ClInclude>
    <ClInclude Include="..\src\Scene\Light.h">
      <Filter>Scene</Filter>
    </ClInclude>
    <ClInclude Include="..\src\Window\GUI.h">
      <Filter>Window</Filter>
    </ClInclude>
    <ClInclude Include="..\src\stb_image.h" />
    <ClInclude Include="..\src\Graphic\Material\UnsignedIntTexture.h">
      <Filter>Graphic\Material</Filter>
    </ClInclude>
    <ClInclude Include="..\src\Utilty\FacePicker.h">
      <Filter>Utility</Filter>
    </ClInclude>
    <ClInclude Include="..\src\Mesh\Patch.h">
      <Filter>Mesh</Filter>
    </ClInclude>
    <ClInclude Include="..\src\Utilty\TextureMapper.h">
      <Filter>Utility</Filter>
    </ClInclude>
  </ItemGroup>
  <ItemGroup>
    <None Include="..\res\shaders\DSPhong_Material.fp">
      <Filter>Shader</Filter>
    </None>
    <None Include="..\res\shaders\DSPhong_Material.vp">
      <Filter>Shader</Filter>
    </None>
    <None Include="..\res\shaders\faceid.fp">
      <Filter>Shader</Filter>
    </None>
    <None Include="..\res\shaders\faceid.vp">
      <Filter>Shader</Filter>
    </None>
    <None Include="..\res\shaders\line.fp">
      <Filter>Shader</Filter>
    </None>
    <None Include="..\res\shaders\line.vp">
      <Filter>Shader</Filter>
    </None>
  </ItemGroup>
</Project>